{
    "_meta": {
        "hash": {
            "sha256": "1e743e687e006da230828820affe4214a79a9c8866d99b5b931ac9d5de79792f"
        },
        "pipfile-spec": 6,
        "requires": {
            "python_version": "3.7"
        },
        "sources": [
            {
                "name": "pypi",
                "url": "https://pypi.org/simple",
                "verify_ssl": true
            }
        ]
    },
    "default": {
        "certifi": {
            "hashes": [
                "sha256:59b7658e26ca9c7339e00f8f4636cdfe59d34fa37b9b04f6f9e9926b3cece1a5",
                "sha256:b26104d6835d1f5e49452a26eb2ff87fe7090b89dfcaee5ea2212697e1e1d7ae"
            ],
            "version": "==2019.3.9"
        },
        "chardet": {
            "hashes": [
                "sha256:84ab92ed1c4d4f16916e05906b6b75a6c0fb5db821cc65e70cbd64a3e2a5eaae",
                "sha256:fc323ffcaeaed0e0a02bf4d117757b98aed530d9ed4531e3e15460124c106691"
            ],
            "version": "==3.0.4"
        },
        "django": {
            "hashes": [
                "sha256:7f246078d5a546f63c28fc03ce71f4d7a23677ce42109219c24c9ffb28416137",
                "sha256:ea50d85709708621d956187c6b61d9f9ce155007b496dd914fdb35db8d790aec"
            ],
            "index": "pypi",
            "version": "==2.1"
        },
        "django-crispy-forms": {
            "hashes": [
                "sha256:5952bab971110d0b86c278132dae0aa095beee8f723e625c3d3fa28888f1675f",
                "sha256:705ededc554ad8736157c666681165fe22ead2dec0d5446d65fc9dd976a5a876"
            ],
            "index": "pypi",
            "version": "==1.7.2"
        },
        "get": {
            "hashes": [
                "sha256:ca946cedbb68e368e77f0bddf5488dea5709d488e0278be589e6b212f639c636",
                "sha256:fcb91193e7f1d0d441b9419044a36d3e84877b5c4abea131759b12086340b8fd"
            ],
            "version": "==2019.3.22"
        },
        "idna": {
            "hashes": [
                "sha256:c357b3f628cf53ae2c4c05627ecc484553142ca23264e593d327bcde5e9c3407",
                "sha256:ea8b7f6188e6fa117537c3df7da9fc686d485087abf6ac197f9c46432f7e4a3c"
            ],
            "version": "==2.8"
        },
        "jason": {
            "hashes": [
                "sha256:ebb3a47bba158161488ee8ca80f927487b0b3261f80a235f4130bcf438eea454"
            ],
            "index": "pypi",
            "version": "==0.1.7"
        },
        "post": {
            "hashes": [
                "sha256:e15dd550bd930f936cbfb77a58445d155740ffe9959dda52242be59b2d69a9c1",
                "sha256:f9e9305da35f1f963446d842904c57c6c9aa650330b2f1164aace57894971204"
            ],
            "version": "==2019.3.22"
        },
        "public": {
            "hashes": [
                "sha256:5e7612316a29c1d6ff4445f120278184389e307d8fa8d98715d47ce71db1e39c",
                "sha256:5f62a1f5a4511b96413c01d473f0663282ab17041da4d0815b4937ad9f24e8ec"
            ],
            "version": "==2019.3.22"
        },
        "pytz": {
            "hashes": [
                "sha256:32b0891edff07e28efe91284ed9c31e123d84bea3fd98e1f72be2508f43ef8d9",
                "sha256:d5f05e487007e29e03409f9398d074e158d920d36eb82eaf66fb1136b0c5374c"
            ],
            "version": "==2018.9"
        },
        "query-string": {
            "hashes": [
                "sha256:9084be7d299ca96a8f0b17146a8d4ae394c967d637e1dc2fccab236f066d6906",
                "sha256:c55143803f12e0415287b89637afcba731e848b82d0d2383513d71dc7e0d9ad4"
            ],
            "version": "==2019.3.22"
        },
        "request": {
            "hashes": [
                "sha256:0ec9f1df66c5c44e9e0221f02bc7405e9852bd42e66fb6c4d68399aeb0b69d36",
                "sha256:1c8f3f991e248dd2d8690a635a2ac4a1f95a4b7a3745831c26336d03646bc320"
            ],
            "index": "pypi",
            "version": "==2019.3.22"
        },
        "requests": {
            "hashes": [
                "sha256:502a824f31acdacb3a35b6690b5fbf0bc41d63a24a45c4004352b0242707598e",
                "sha256:7bf2a778576d825600030a110f3c0e3e8edc51dfaafe1c146e39a2027784957b"
            ],
            "index": "pypi",
            "version": "==2.21.0"
        },
        "urllib3": {
            "hashes": [
                "sha256:61bf29cada3fc2fbefad4fdf059ea4bd1b4a86d2b6d15e1c7c0b582b9752fe39",
                "sha256:de9529817c93f27c8ccbfead6985011db27bd0ddfcdb2d86f3f663385c6a9c22"
            ],
            "version": "==1.24.1"
        }
    },
    "develop": {}
}
